// !$*UTF8*$!
{
	archiveVersion = 1;
	classes = {
	};
	objectVersion = 50;
	objects = {

/* Begin PBXBuildFile section */
		B9A8F658246FA02900A13CA9 /* PTVAPIHealthCheckModel.swift in Sources */ = {isa = PBXBuildFile; fileRef = B9A8F657246FA02900A13CA9 /* PTVAPIHealthCheckModel.swift */; };
		B9B93E62246F6F5C007F4E10 /* AppDelegate.swift in Sources */ = {isa = PBXBuildFile; fileRef = B9B93E61246F6F5C007F4E10 /* AppDelegate.swift */; };
		B9B93E64246F6F5C007F4E10 /* SceneDelegate.swift in Sources */ = {isa = PBXBuildFile; fileRef = B9B93E63246F6F5C007F4E10 /* SceneDelegate.swift */; };
		B9B93E66246F6F5C007F4E10 /* StationMapViewController.swift in Sources */ = {isa = PBXBuildFile; fileRef = B9B93E65246F6F5C007F4E10 /* StationMapViewController.swift */; };
		B9B93E69246F6F5C007F4E10 /* Main.storyboard in Resources */ = {isa = PBXBuildFile; fileRef = B9B93E67246F6F5C007F4E10 /* Main.storyboard */; };
		B9B93E6B246F6F5D007F4E10 /* Assets.xcassets in Resources */ = {isa = PBXBuildFile; fileRef = B9B93E6A246F6F5D007F4E10 /* Assets.xcassets */; };
		B9B93E6E246F6F5D007F4E10 /* LaunchScreen.storyboard in Resources */ = {isa = PBXBuildFile; fileRef = B9B93E6C246F6F5D007F4E10 /* LaunchScreen.storyboard */; };
		B9B93E79246F6F5D007F4E10 /* MakingTracksTests.swift in Sources */ = {isa = PBXBuildFile; fileRef = B9B93E78246F6F5D007F4E10 /* MakingTracksTests.swift */; };
		B9B93E84246F6F5D007F4E10 /* MakingTracksUITests.swift in Sources */ = {isa = PBXBuildFile; fileRef = B9B93E83246F6F5D007F4E10 /* MakingTracksUITests.swift */; };
		B9B93E95246F7CFA007F4E10 /* PTVAPISupportClass.m in Sources */ = {isa = PBXBuildFile; fileRef = B9B93E94246F7CFA007F4E10 /* PTVAPISupportClass.m */; };
		B9B93E97246F8CA6007F4E10 /* Constants.swift in Sources */ = {isa = PBXBuildFile; fileRef = B9B93E96246F8CA6007F4E10 /* Constants.swift */; };
		B9B93E99246F9069007F4E10 /* TransportType.swift in Sources */ = {isa = PBXBuildFile; fileRef = B9B93E98246F9069007F4E10 /* TransportType.swift */; };
		B9B93E9B246F9169007F4E10 /* NetworkController.swift in Sources */ = {isa = PBXBuildFile; fileRef = B9B93E9A246F9169007F4E10 /* NetworkController.swift */; };
/* End PBXBuildFile section */

/* Begin PBXContainerItemProxy section */
		B9B93E75246F6F5D007F4E10 /* PBXContainerItemProxy */ = {
			isa = PBXContainerItemProxy;
			containerPortal = B9B93E56246F6F5C007F4E10 /* Project object */;
			proxyType = 1;
			remoteGlobalIDString = B9B93E5D246F6F5C007F4E10;
			remoteInfo = MakingTracks;
		};
		B9B93E80246F6F5D007F4E10 /* PBXContainerItemProxy */ = {
			isa = PBXContainerItemProxy;
			containerPortal = B9B93E56246F6F5C007F4E10 /* Project object */;
			proxyType = 1;
			remoteGlobalIDString = B9B93E5D246F6F5C007F4E10;
			remoteInfo = MakingTracks;
		};
/* End PBXContainerItemProxy section */

/* Begin PBXFileReference section */
		B9A8F657246FA02900A13CA9 /* PTVAPIHealthCheckModel.swift */ = {isa = PBXFileReference; lastKnownFileType = sourcecode.swift; path = PTVAPIHealthCheckModel.swift; sourceTree = "<group>"; };
		B9B93E5E246F6F5C007F4E10 /* MakingTracks.app */ = {isa = PBXFileReference; explicitFileType = wrapper.application; includeInIndex = 0; path = MakingTracks.app; sourceTree = BUILT_PRODUCTS_DIR; };
		B9B93E61246F6F5C007F4E10 /* AppDelegate.swift */ = {isa = PBXFileReference; lastKnownFileType = sourcecode.swift; path = AppDelegate.swift; sourceTree = "<group>"; };
		B9B93E63246F6F5C007F4E10 /* SceneDelegate.swift */ = {isa = PBXFileReference; lastKnownFileType = sourcecode.swift; path = SceneDelegate.swift; sourceTree = "<group>"; };
		B9B93E65246F6F5C007F4E10 /* StationMapViewController.swift */ = {isa = PBXFileReference; lastKnownFileType = sourcecode.swift; path = StationMapViewController.swift; sourceTree = "<group>"; };
		B9B93E68246F6F5C007F4E10 /* Base */ = {isa = PBXFileReference; lastKnownFileType = file.storyboard; name = Base; path = Base.lproj/Main.storyboard; sourceTree = "<group>"; };
		B9B93E6A246F6F5D007F4E10 /* Assets.xcassets */ = {isa = PBXFileReference; lastKnownFileType = folder.assetcatalog; path = Assets.xcassets; sourceTree = "<group>"; };
		B9B93E6D246F6F5D007F4E10 /* Base */ = {isa = PBXFileReference; lastKnownFileType = file.storyboard; name = Base; path = Base.lproj/LaunchScreen.storyboard; sourceTree = "<group>"; };
		B9B93E6F246F6F5D007F4E10 /* Info.plist */ = {isa = PBXFileReference; lastKnownFileType = text.plist.xml; path = Info.plist; sourceTree = "<group>"; };
		B9B93E74246F6F5D007F4E10 /* MakingTracksTests.xctest */ = {isa = PBXFileReference; explicitFileType = wrapper.cfbundle; includeInIndex = 0; path = MakingTracksTests.xctest; sourceTree = BUILT_PRODUCTS_DIR; };
		B9B93E78246F6F5D007F4E10 /* MakingTracksTests.swift */ = {isa = PBXFileReference; lastKnownFileType = sourcecode.swift; path = MakingTracksTests.swift; sourceTree = "<group>"; };
		B9B93E7A246F6F5D007F4E10 /* Info.plist */ = {isa = PBXFileReference; lastKnownFileType = text.plist.xml; path = Info.plist; sourceTree = "<group>"; };
		B9B93E7F246F6F5D007F4E10 /* MakingTracksUITests.xctest */ = {isa = PBXFileReference; explicitFileType = wrapper.cfbundle; includeInIndex = 0; path = MakingTracksUITests.xctest; sourceTree = BUILT_PRODUCTS_DIR; };
		B9B93E83246F6F5D007F4E10 /* MakingTracksUITests.swift */ = {isa = PBXFileReference; lastKnownFileType = sourcecode.swift; path = MakingTracksUITests.swift; sourceTree = "<group>"; };
		B9B93E85246F6F5D007F4E10 /* Info.plist */ = {isa = PBXFileReference; lastKnownFileType = text.plist.xml; path = Info.plist; sourceTree = "<group>"; };
		B9B93E92246F7CCE007F4E10 /* PTVAPISupportClass.h */ = {isa = PBXFileReference; lastKnownFileType = sourcecode.c.h; path = PTVAPISupportClass.h; sourceTree = "<group>"; };
		B9B93E93246F7CFA007F4E10 /* MakingTracks-Bridging-Header.h */ = {isa = PBXFileReference; lastKnownFileType = sourcecode.c.h; path = "MakingTracks-Bridging-Header.h"; sourceTree = "<group>"; };
		B9B93E94246F7CFA007F4E10 /* PTVAPISupportClass.m */ = {isa = PBXFileReference; lastKnownFileType = sourcecode.c.objc; path = PTVAPISupportClass.m; sourceTree = "<group>"; };
		B9B93E96246F8CA6007F4E10 /* Constants.swift */ = {isa = PBXFileReference; lastKnownFileType = sourcecode.swift; path = Constants.swift; sourceTree = "<group>"; };
		B9B93E98246F9069007F4E10 /* TransportType.swift */ = {isa = PBXFileReference; lastKnownFileType = sourcecode.swift; path = TransportType.swift; sourceTree = "<group>"; };
		B9B93E9A246F9169007F4E10 /* NetworkController.swift */ = {isa = PBXFileReference; lastKnownFileType = sourcecode.swift; path = NetworkController.swift; sourceTree = "<group>"; };
/* End PBXFileReference section */

/* Begin PBXFrameworksBuildPhase section */
		B9B93E5B246F6F5C007F4E10 /* Frameworks */ = {
			isa = PBXFrameworksBuildPhase;
			buildActionMask = 2147483647;
			files = (
			);
			runOnlyForDeploymentPostprocessing = 0;
		};
		B9B93E71246F6F5D007F4E10 /* Frameworks */ = {
			isa = PBXFrameworksBuildPhase;
			buildActionMask = 2147483647;
			files = (
			);
			runOnlyForDeploymentPostprocessing = 0;
		};
		B9B93E7C246F6F5D007F4E10 /* Frameworks */ = {
			isa = PBXFrameworksBuildPhase;
			buildActionMask = 2147483647;
			files = (
			);
			runOnlyForDeploymentPostprocessing = 0;
		};
/* End PBXFrameworksBuildPhase section */

/* Begin PBXGroup section */
		B9B93E55246F6F5C007F4E10 = {
			isa = PBXGroup;
			children = (
				B9B93E60246F6F5C007F4E10 /* MakingTracks */,
				B9B93E77246F6F5D007F4E10 /* MakingTracksTests */,
				B9B93E82246F6F5D007F4E10 /* MakingTracksUITests */,
				B9B93E5F246F6F5C007F4E10 /* Products */,
			);
			sourceTree = "<group>";
		};
		B9B93E5F246F6F5C007F4E10 /* Products */ = {
			isa = PBXGroup;
			children = (
				B9B93E5E246F6F5C007F4E10 /* MakingTracks.app */,
				B9B93E74246F6F5D007F4E10 /* MakingTracksTests.xctest */,
				B9B93E7F246F6F5D007F4E10 /* MakingTracksUITests.xctest */,
			);
			name = Products;
			sourceTree = "<group>";
		};
		B9B93E60246F6F5C007F4E10 /* MakingTracks */ = {
			isa = PBXGroup;
			children = (
				B9B93E91246F7C35007F4E10 /* ObjectiveC */,
				B9B93E61246F6F5C007F4E10 /* AppDelegate.swift */,
				B9B93E65246F6F5C007F4E10 /* StationMapViewController.swift */,
				B9B93E63246F6F5C007F4E10 /* SceneDelegate.swift */,
				B9B93E67246F6F5C007F4E10 /* Main.storyboard */,
				B9B93E6A246F6F5D007F4E10 /* Assets.xcassets */,
				B9B93E6C246F6F5D007F4E10 /* LaunchScreen.storyboard */,
				B9B93E6F246F6F5D007F4E10 /* Info.plist */,
				B9B93E96246F8CA6007F4E10 /* Constants.swift */,
				B9B93E98246F9069007F4E10 /* TransportType.swift */,
				B9B93E9A246F9169007F4E10 /* NetworkController.swift */,
				B9A8F657246FA02900A13CA9 /* PTVAPIHealthCheckModel.swift */,
			);
			path = MakingTracks;
			sourceTree = "<group>";
		};
		B9B93E77246F6F5D007F4E10 /* MakingTracksTests */ = {
			isa = PBXGroup;
			children = (
				B9B93E78246F6F5D007F4E10 /* MakingTracksTests.swift */,
				B9B93E7A246F6F5D007F4E10 /* Info.plist */,
			);
			path = MakingTracksTests;
			sourceTree = "<group>";
		};
		B9B93E82246F6F5D007F4E10 /* MakingTracksUITests */ = {
			isa = PBXGroup;
			children = (
				B9B93E83246F6F5D007F4E10 /* MakingTracksUITests.swift */,
				B9B93E85246F6F5D007F4E10 /* Info.plist */,
			);
			path = MakingTracksUITests;
			sourceTree = "<group>";
		};
		B9B93E91246F7C35007F4E10 /* ObjectiveC */ = {
			isa = PBXGroup;
			children = (
				B9B93E92246F7CCE007F4E10 /* PTVAPISupportClass.h */,
				B9B93E94246F7CFA007F4E10 /* PTVAPISupportClass.m */,
				B9B93E93246F7CFA007F4E10 /* MakingTracks-Bridging-Header.h */,
			);
			path = ObjectiveC;
			sourceTree = "<group>";
		};
/* End PBXGroup section */

/* Begin PBXNativeTarget section */
		B9B93E5D246F6F5C007F4E10 /* MakingTracks */ = {
			isa = PBXNativeTarget;
			buildConfigurationList = B9B93E88246F6F5D007F4E10 /* Build configuration list for PBXNativeTarget "MakingTracks" */;
			buildPhases = (
				B9B93E5A246F6F5C007F4E10 /* Sources */,
				B9B93E5B246F6F5C007F4E10 /* Frameworks */,
				B9B93E5C246F6F5C007F4E10 /* Resources */,
			);
			buildRules = (
			);
			dependencies = (
			);
			name = MakingTracks;
			productName = MakingTracks;
			productReference = B9B93E5E246F6F5C007F4E10 /* MakingTracks.app */;
			productType = "com.apple.product-type.application";
		};
		B9B93E73246F6F5D007F4E10 /* MakingTracksTests */ = {
			isa = PBXNativeTarget;
			buildConfigurationList = B9B93E8B246F6F5D007F4E10 /* Build configuration list for PBXNativeTarget "MakingTracksTests" */;
			buildPhases = (
				B9B93E70246F6F5D007F4E10 /* Sources */,
				B9B93E71246F6F5D007F4E10 /* Frameworks */,
				B9B93E72246F6F5D007F4E10 /* Resources */,
			);
			buildRules = (
			);
			dependencies = (
				B9B93E76246F6F5D007F4E10 /* PBXTargetDependency */,
			);
			name = MakingTracksTests;
			productName = MakingTracksTests;
			productReference = B9B93E74246F6F5D007F4E10 /* MakingTracksTests.xctest */;
			productType = "com.apple.product-type.bundle.unit-test";
		};
		B9B93E7E246F6F5D007F4E10 /* MakingTracksUITests */ = {
			isa = PBXNativeTarget;
			buildConfigurationList = B9B93E8E246F6F5D007F4E10 /* Build configuration list for PBXNativeTarget "MakingTracksUITests" */;
			buildPhases = (
				B9B93E7B246F6F5D007F4E10 /* Sources */,
				B9B93E7C246F6F5D007F4E10 /* Frameworks */,
				B9B93E7D246F6F5D007F4E10 /* Resources */,
			);
			buildRules = (
			);
			dependencies = (
				B9B93E81246F6F5D007F4E10 /* PBXTargetDependency */,
			);
			name = MakingTracksUITests;
			productName = MakingTracksUITests;
			productReference = B9B93E7F246F6F5D007F4E10 /* MakingTracksUITests.xctest */;
			productType = "com.apple.product-type.bundle.ui-testing";
		};
/* End PBXNativeTarget section */

/* Begin PBXProject section */
		B9B93E56246F6F5C007F4E10 /* Project object */ = {
			isa = PBXProject;
			attributes = {
				LastSwiftUpdateCheck = 1140;
				LastUpgradeCheck = 1140;
				ORGANIZATIONNAME = John;
				TargetAttributes = {
					B9B93E5D246F6F5C007F4E10 = {
						CreatedOnToolsVersion = 11.4.1;
						LastSwiftMigration = 1140;
					};
					B9B93E73246F6F5D007F4E10 = {
						CreatedOnToolsVersion = 11.4.1;
						TestTargetID = B9B93E5D246F6F5C007F4E10;
					};
					B9B93E7E246F6F5D007F4E10 = {
						CreatedOnToolsVersion = 11.4.1;
						TestTargetID = B9B93E5D246F6F5C007F4E10;
					};
				};
			};
			buildConfigurationList = B9B93E59246F6F5C007F4E10 /* Build configuration list for PBXProject "MakingTracks" */;
			compatibilityVersion = "Xcode 9.3";
			developmentRegion = en;
			hasScannedForEncodings = 0;
			knownRegions = (
				en,
				Base,
			);
			mainGroup = B9B93E55246F6F5C007F4E10;
			productRefGroup = B9B93E5F246F6F5C007F4E10 /* Products */;
			projectDirPath = "";
			projectRoot = "";
			targets = (
				B9B93E5D246F6F5C007F4E10 /* MakingTracks */,
				B9B93E73246F6F5D007F4E10 /* MakingTracksTests */,
				B9B93E7E246F6F5D007F4E10 /* MakingTracksUITests */,
			);
		};
/* End PBXProject section */

/* Begin PBXResourcesBuildPhase section */
		B9B93E5C246F6F5C007F4E10 /* Resources */ = {
			isa = PBXResourcesBuildPhase;
			buildActionMask = 2147483647;
			files = (
				B9B93E6E246F6F5D007F4E10 /* LaunchScreen.storyboard in Resources */,
				B9B93E6B246F6F5D007F4E10 /* Assets.xcassets in Resources */,
				B9B93E69246F6F5C007F4E10 /* Main.storyboard in Resources */,
			);
			runOnlyForDeploymentPostprocessing = 0;
		};
		B9B93E72246F6F5D007F4E10 /* Resources */ = {
			isa = PBXResourcesBuildPhase;
			buildActionMask = 2147483647;
			files = (
			);
			runOnlyForDeploymentPostprocessing = 0;
		};
		B9B93E7D246F6F5D007F4E10 /* Resources */ = {
			isa = PBXResourcesBuildPhase;
			buildActionMask = 2147483647;
			files = (
			);
			runOnlyForDeploymentPostprocessing = 0;
		};
/* End PBXResourcesBuildPhase section */

/* Begin PBXSourcesBuildPhase section */
		B9B93E5A246F6F5C007F4E10 /* Sources */ = {
			isa = PBXSourcesBuildPhase;
			buildActionMask = 2147483647;
			files = (
				B9A8F658246FA02900A13CA9 /* PTVAPIHealthCheckModel.swift in Sources */,
				B9B93E97246F8CA6007F4E10 /* Constants.swift in Sources */,
				B9B93E66246F6F5C007F4E10 /* StationMapViewController.swift in Sources */,
				B9B93E62246F6F5C007F4E10 /* AppDelegate.swift in Sources */,
				B9B93E99246F9069007F4E10 /* TransportType.swift in Sources */,
				B9B93E95246F7CFA007F4E10 /* PTVAPISupportClass.m in Sources */,
				B9B93E9B246F9169007F4E10 /* NetworkController.swift in Sources */,
				B9B93E64246F6F5C007F4E10 /* SceneDelegate.swift in Sources */,
			);
			runOnlyForDeploymentPostprocessing = 0;
		};
		B9B93E70246F6F5D007F4E10 /* Sources */ = {
			isa = PBXSourcesBuildPhase;
			buildActionMask = 2147483647;
			files = (
				B9B93E79246F6F5D007F4E10 /* MakingTracksTests.swift in Sources */,
			);
			runOnlyForDeploymentPostprocessing = 0;
		};
		B9B93E7B246F6F5D007F4E10 /* Sources */ = {
			isa = PBXSourcesBuildPhase;
			buildActionMask = 2147483647;
			files = (
				B9B93E84246F6F5D007F4E10 /* MakingTracksUITests.swift in Sources */,
			);
			runOnlyForDeploymentPostprocessing = 0;
		};
/* End PBXSourcesBuildPhase section */

/* Begin PBXTargetDependency section */
		B9B93E76246F6F5D007F4E10 /* PBXTargetDependency */ = {
			isa = PBXTargetDependency;
			target = B9B93E5D246F6F5C007F4E10 /* MakingTracks */;
			targetProxy = B9B93E75246F6F5D007F4E10 /* PBXContainerItemProxy */;
		};
		B9B93E81246F6F5D007F4E10 /* PBXTargetDependency */ = {
			isa = PBXTargetDependency;
			target = B9B93E5D246F6F5C007F4E10 /* MakingTracks */;
			targetProxy = B9B93E80246F6F5D007F4E10 /* PBXContainerItemProxy */;
		};
/* End PBXTargetDependency section */

/* Begin PBXVariantGroup section */
		B9B93E67246F6F5C007F4E10 /* Main.storyboard */ = {
			isa = PBXVariantGroup;
			children = (
				B9B93E68246F6F5C007F4E10 /* Base */,
			);
			name = Main.storyboard;
			sourceTree = "<group>";
		};
		B9B93E6C246F6F5D007F4E10 /* LaunchScreen.storyboard */ = {
			isa = PBXVariantGroup;
			children = (
				B9B93E6D246F6F5D007F4E10 /* Base */,
			);
			name = LaunchScreen.storyboard;
			sourceTree = "<group>";
		};
/* End PBXVariantGroup section */

/* Begin XCBuildConfiguration section */
		B9B93E86246F6F5D007F4E10 /* Debug */ = {
			isa = XCBuildConfiguration;
			buildSettings = {
				ALWAYS_SEARCH_USER_PATHS = NO;
				CLANG_ANALYZER_NONNULL = YES;
				CLANG_ANALYZER_NUMBER_OBJECT_CONVERSION = YES_AGGRESSIVE;
				CLANG_CXX_LANGUAGE_STANDARD = "gnu++14";
				CLANG_CXX_LIBRARY = "libc++";
				CLANG_ENABLE_MODULES = YES;
				CLANG_ENABLE_OBJC_ARC = YES;
				CLANG_ENABLE_OBJC_WEAK = YES;
				CLANG_WARN_BLOCK_CAPTURE_AUTORELEASING = YES;
				CLANG_WARN_BOOL_CONVERSION = YES;
				CLANG_WARN_COMMA = YES;
				CLANG_WARN_CONSTANT_CONVERSION = YES;
				CLANG_WARN_DEPRECATED_OBJC_IMPLEMENTATIONS = YES;
				CLANG_WARN_DIRECT_OBJC_ISA_USAGE = YES_ERROR;
				CLANG_WARN_DOCUMENTATION_COMMENTS = YES;
				CLANG_WARN_EMPTY_BODY = YES;
				CLANG_WARN_ENUM_CONVERSION = YES;
				CLANG_WARN_INFINITE_RECURSION = YES;
				CLANG_WARN_INT_CONVERSION = YES;
				CLANG_WARN_NON_LITERAL_NULL_CONVERSION = YES;
				CLANG_WARN_OBJC_IMPLICIT_RETAIN_SELF = YES;
				CLANG_WARN_OBJC_LITERAL_CONVERSION = YES;
				CLANG_WARN_OBJC_ROOT_CLASS = YES_ERROR;
				CLANG_WARN_RANGE_LOOP_ANALYSIS = YES;
				CLANG_WARN_STRICT_PROTOTYPES = YES;
				CLANG_WARN_SUSPICIOUS_MOVE = YES;
				CLANG_WARN_UNGUARDED_AVAILABILITY = YES_AGGRESSIVE;
				CLANG_WARN_UNREACHABLE_CODE = YES;
				CLANG_WARN__DUPLICATE_METHOD_MATCH = YES;
				COPY_PHASE_STRIP = NO;
				DEBUG_INFORMATION_FORMAT = dwarf;
				ENABLE_STRICT_OBJC_MSGSEND = YES;
				ENABLE_TESTABILITY = YES;
				GCC_C_LANGUAGE_STANDARD = gnu11;
				GCC_DYNAMIC_NO_PIC = NO;
				GCC_NO_COMMON_BLOCKS = YES;
				GCC_OPTIMIZATION_LEVEL = 0;
				GCC_PREPROCESSOR_DEFINITIONS = (
					"DEBUG=1",
					"$(inherited)",
				);
				GCC_WARN_64_TO_32_BIT_CONVERSION = YES;
				GCC_WARN_ABOUT_RETURN_TYPE = YES_ERROR;
				GCC_WARN_UNDECLARED_SELECTOR = YES;
				GCC_WARN_UNINITIALIZED_AUTOS = YES_AGGRESSIVE;
				GCC_WARN_UNUSED_FUNCTION = YES;
				GCC_WARN_UNUSED_VARIABLE = YES;
				IPHONEOS_DEPLOYMENT_TARGET = 13.4;
				MTL_ENABLE_DEBUG_INFO = INCLUDE_SOURCE;
				MTL_FAST_MATH = YES;
				ONLY_ACTIVE_ARCH = YES;
				SDKROOT = iphoneos;
				SWIFT_ACTIVE_COMPILATION_CONDITIONS = DEBUG;
				SWIFT_OPTIMIZATION_LEVEL = "-Onone";
			};
			name = Debug;
		};
		B9B93E87246F6F5D007F4E10 /* Release */ = {
			isa = XCBuildConfiguration;
			buildSettings = {
				ALWAYS_SEARCH_USER_PATHS = NO;
				CLANG_ANALYZER_NONNULL = YES;
				CLANG_ANALYZER_NUMBER_OBJECT_CONVERSION = YES_AGGRESSIVE;
				CLANG_CXX_LANGUAGE_STANDARD = "gnu++14";
				CLANG_CXX_LIBRARY = "libc++";
				CLANG_ENABLE_MODULES = YES;
				CLANG_ENABLE_OBJC_ARC = YES;
				CLANG_ENABLE_OBJC_WEAK = YES;
				CLANG_WARN_BLOCK_CAPTURE_AUTORELEASING = YES;
				CLANG_WARN_BOOL_CONVERSION = YES;
				CLANG_WARN_COMMA = YES;
				CLANG_WARN_CONSTANT_CONVERSION = YES;
				CLANG_WARN_DEPRECATED_OBJC_IMPLEMENTATIONS = YES;
				CLANG_WARN_DIRECT_OBJC_ISA_USAGE = YES_ERROR;
				CLANG_WARN_DOCUMENTATION_COMMENTS = YES;
				CLANG_WARN_EMPTY_BODY = YES;
				CLANG_WARN_ENUM_CONVERSION = YES;
				CLANG_WARN_INFINITE_RECURSION = YES;
				CLANG_WARN_INT_CONVERSION = YES;
				CLANG_WARN_NON_LITERAL_NULL_CONVERSION = YES;
				CLANG_WARN_OBJC_IMPLICIT_RETAIN_SELF = YES;
				CLANG_WARN_OBJC_LITERAL_CONVERSION = YES;
				CLANG_WARN_OBJC_ROOT_CLASS = YES_ERROR;
				CLANG_WARN_RANGE_LOOP_ANALYSIS = YES;
				CLANG_WARN_STRICT_PROTOTYPES = YES;
				CLANG_WARN_SUSPICIOUS_MOVE = YES;
				CLANG_WARN_UNGUARDED_AVAILABILITY = YES_AGGRESSIVE;
				CLANG_WARN_UNREACHABLE_CODE = YES;
				CLANG_WARN__DUPLICATE_METHOD_MATCH = YES;
				COPY_PHASE_STRIP = NO;
				DEBUG_INFORMATION_FORMAT = "dwarf-with-dsym";
				ENABLE_NS_ASSERTIONS = NO;
				ENABLE_STRICT_OBJC_MSGSEND = YES;
				GCC_C_LANGUAGE_STANDARD = gnu11;
				GCC_NO_COMMON_BLOCKS = YES;
				GCC_WARN_64_TO_32_BIT_CONVERSION = YES;
				GCC_WARN_ABOUT_RETURN_TYPE = YES_ERROR;
				GCC_WARN_UNDECLARED_SELECTOR = YES;
				GCC_WARN_UNINITIALIZED_AUTOS = YES_AGGRESSIVE;
				GCC_WARN_UNUSED_FUNCTION = YES;
				GCC_WARN_UNUSED_VARIABLE = YES;
				IPHONEOS_DEPLOYMENT_TARGET = 13.4;
				MTL_ENABLE_DEBUG_INFO = NO;
				MTL_FAST_MATH = YES;
				SDKROOT = iphoneos;
				SWIFT_COMPILATION_MODE = wholemodule;
				SWIFT_OPTIMIZATION_LEVEL = "-O";
				VALIDATE_PRODUCT = YES;
			};
			name = Release;
		};
		B9B93E89246F6F5D007F4E10 /* Debug */ = {
			isa = XCBuildConfiguration;
			buildSettings = {
				ASSETCATALOG_COMPILER_APPICON_NAME = AppIcon;
				CLANG_ENABLE_MODULES = YES;
				CODE_SIGN_STYLE = Automatic;
				INFOPLIST_FILE = MakingTracks/Info.plist;
				LD_RUNPATH_SEARCH_PATHS = (
					"$(inherited)",
					"@executable_path/Frameworks",
				);
				PRODUCT_BUNDLE_IDENTIFIER = John.MakingTracks;
				PRODUCT_NAME = "$(TARGET_NAME)";
				SWIFT_OBJC_BRIDGING_HEADER = "MakingTracks/ObjectiveC/MakingTracks-Bridging-Header.h";
				SWIFT_OPTIMIZATION_LEVEL = "-Onone";
				SWIFT_VERSION = 5.0;
				TARGETED_DEVICE_FAMILY = "1,2";
			};
			name = Debug;
		};
		B9B93E8A246F6F5D007F4E10 /* Release */ = {
			isa = XCBuildConfiguration;
			buildSettings = {
				ASSETCATALOG_COMPILER_APPICON_NAME = AppIcon;
				CLANG_ENABLE_MODULES = YES;
				CODE_SIGN_STYLE = Automatic;
				INFOPLIST_FILE = MakingTracks/Info.plist;
				LD_RUNPATH_SEARCH_PATHS = (
					"$(inherited)",
					"@executable_path/Frameworks",
				);
				PRODUCT_BUNDLE_IDENTIFIER = John.MakingTracks;
				PRODUCT_NAME = "$(TARGET_NAME)";
				SWIFT_OBJC_BRIDGING_HEADER = "MakingTracks/ObjectiveC/MakingTracks-Bridging-Header.h";
				SWIFT_VERSION = 5.0;
				TARGETED_DEVICE_FAMILY = "1,2";
			};
			name = Release;
		};
		B9B93E8C246F6F5D007F4E10 /* Debug */ = {
			isa = XCBuildConfiguration;
			buildSettings = {
				ALWAYS_EMBED_SWIFT_STANDARD_LIBRARIES = YES;
				BUNDLE_LOADER = "$(TEST_HOST)";
				CODE_SIGN_STYLE = Automatic;
				INFOPLIST_FILE = MakingTracksTests/Info.plist;
				IPHONEOS_DEPLOYMENT_TARGET = 13.4;
				LD_RUNPATH_SEARCH_PATHS = (
					"$(inherited)",
					"@executable_path/Frameworks",
					"@loader_path/Frameworks",
				);
				PRODUCT_BUNDLE_IDENTIFIER = John.MakingTracksTests;
				PRODUCT_NAME = "$(TARGET_NAME)";
				SWIFT_VERSION = 5.0;
				TARGETED_DEVICE_FAMILY = "1,2";
				TEST_HOST = "$(BUILT_PRODUCTS_DIR)/MakingTracks.app/MakingTracks";
			};
			name = Debug;
		};
		B9B93E8D246F6F5D007F4E10 /* Release */ = {
			isa = XCBuildConfiguration;
			buildSettings = {
				ALWAYS_EMBED_SWIFT_STANDARD_LIBRARIES = YES;
				BUNDLE_LOADER = "$(TEST_HOST)";
				CODE_SIGN_STYLE = Automatic;
				INFOPLIST_FILE = MakingTracksTests/Info.plist;
				IPHONEOS_DEPLOYMENT_TARGET = 13.4;
				LD_RUNPATH_SEARCH_PATHS = (
					"$(inherited)",
					"@executable_path/Frameworks",
					"@loader_path/Frameworks",
				);
				PRODUCT_BUNDLE_IDENTIFIER = John.MakingTracksTests;
				PRODUCT_NAME = "$(TARGET_NAME)";
				SWIFT_VERSION = 5.0;
				TARGETED_DEVICE_FAMILY = "1,2";
				TEST_HOST = "$(BUILT_PRODUCTS_DIR)/MakingTracks.app/MakingTracks";
			};
			name = Release;
		};
		B9B93E8F246F6F5D007F4E10 /* Debug */ = {
			isa = XCBuildConfiguration;
			buildSettings = {
				ALWAYS_EMBED_SWIFT_STANDARD_LIBRARIES = YES;
				CODE_SIGN_STYLE = Automatic;
				INFOPLIST_FILE = MakingTracksUITests/Info.plist;
				LD_RUNPATH_SEARCH_PATHS = (
					"$(inherited)",
					"@executable_path/Frameworks",
					"@loader_path/Frameworks",
				);
				PRODUCT_BUNDLE_IDENTIFIER = John.MakingTracksUITests;
				PRODUCT_NAME = "$(TARGET_NAME)";
				SWIFT_VERSION = 5.0;
				TARGETED_DEVICE_FAMILY = "1,2";
				TEST_TARGET_NAME = MakingTracks;
			};
			name = Debug;
		};
		B9B93E90246F6F5D007F4E10 /* Release */ = {
			isa = XCBuildConfiguration;
			buildSettings = {
				ALWAYS_EMBED_SWIFT_STANDARD_LIBRARIES = YES;
				CODE_SIGN_STYLE = Automatic;
				INFOPLIST_FILE = MakingTracksUITests/Info.plist;
				LD_RUNPATH_SEARCH_PATHS = (
					"$(inherited)",
					"@executable_path/Frameworks",
					"@loader_path/Frameworks",
				);
				PRODUCT_BUNDLE_IDENTIFIER = John.MakingTracksUITests;
				PRODUCT_NAME = "$(TARGET_NAME)";
				SWIFT_VERSION = 5.0;
				TARGETED_DEVICE_FAMILY = "1,2";
				TEST_TARGET_NAME = MakingTracks;
			};
			name = Release;
		};
/* End XCBuildConfiguration section */

/* Begin XCConfigurationList section */
		B9B93E59246F6F5C007F4E10 /* Build configuration list for PBXProject "MakingTracks" */ = {
			isa = XCConfigurationList;
			buildConfigurations = (
				B9B93E86246F6F5D007F4E10 /* Debug */,
				B9B93E87246F6F5D007F4E10 /* Release */,
			);
			defaultConfigurationIsVisible = 0;
			defaultConfigurationName = Release;
		};
		B9B93E88246F6F5D007F4E10 /* Build configuration list for PBXNativeTarget "MakingTracks" */ = {
			isa = XCConfigurationList;
			buildConfigurations = (
				B9B93E89246F6F5D007F4E10 /* Debug */,
				B9B93E8A246F6F5D007F4E10 /* Release */,
			);
			defaultConfigurationIsVisible = 0;
			defaultConfigurationName = Release;
		};
		B9B93E8B246F6F5D007F4E10 /* Build configuration list for PBXNativeTarget "MakingTracksTests" */ = {
			isa = XCConfigurationList;
			buildConfigurations = (
				B9B93E8C246F6F5D007F4E10 /* Debug */,
				B9B93E8D246F6F5D007F4E10 /* Release */,
			);
			defaultConfigurationIsVisible = 0;
			defaultConfigurationName = Release;
		};
		B9B93E8E246F6F5D007F4E10 /* Build configuration list for PBXNativeTarget "MakingTracksUITests" */ = {
			isa = XCConfigurationList;
			buildConfigurations = (
				B9B93E8F246F6F5D007F4E10 /* Debug */,
				B9B93E90246F6F5D007F4E10 /* Release */,
			);
			defaultConfigurationIsVisible = 0;
			defaultConfigurationName = Release;
		};
/* End XCConfigurationList section */
	};
	rootObject = B9B93E56246F6F5C007F4E10 /* Project object */;
}
